<?xml version="1.0" encoding="utf-8"?>
<Project ToolsVersion="4.0" xmlns="http://schemas.microsoft.com/developer/msbuild/2003">
  <ItemGroup>
    <Filter Include="源文件">
      <UniqueIdentifier>{4FC737F1-C7A5-4376-A066-2A32D752A2FF}</UniqueIdentifier>
      <Extensions>cpp;c;cc;cxx;def;odl;idl;hpj;bat;asm;asmx</Extensions>
    </Filter>
    <Filter Include="头文件">
      <UniqueIdentifier>{93995380-89BD-4b04-88EB-625FBE52EBFB}</UniqueIdentifier>
      <Extensions>h;hh;hpp;hxx;hm;inl;inc;xsd</Extensions>
    </Filter>
    <Filter Include="资源文件">
      <UniqueIdentifier>{67DA6AB6-F800-4c08-8B7A-83BB121AAD01}</UniqueIdentifier>
      <Extensions>rc;ico;cur;bmp;dlg;rc2;rct;bin;rgs;gif;jpg;jpeg;jpe;resx;tiff;tif;png;wav;mfcribbon-ms</Extensions>
    </Filter>
  </ItemGroup>
  <ItemGroup>
    <ClCompile Include="GameCtrl.cpp">
      <Filter>源文件</Filter>
    </ClCompile>
    <ClCompile Include="main.cpp">
      <Filter>源文件</Filter>
    </ClCompile>
  </ItemGroup>
  <ItemGroup>
    <ClInclude Include="GameCtrl.h">
      <Filter>头文件</Filter>
    </ClInclude>
    <ClInclude Include="resource.h">
      <Filter>头文件</Filter>
    </ClInclude>
  </ItemGroup>
  <ItemGroup>
    <ResourceCompile Include="爱因斯坦棋.rc">
      <Filter>资源文件</Filter>
    </ResourceCompile>
  </ItemGroup>
  <ItemGroup>
    <Image Include="..\res\red\r1.bmp">
      <Filter>资源文件</Filter>
    </Image>
    <Image Include="..\res\red\r2.bmp">
      <Filter>资源文件</Filter>
    </Image>
    <Image Include="..\res\red\r3.bmp">
      <Filter>资源文件</Filter>
    </Image>
    <Image Include="..\res\red\r4.bmp">
      <Filter>资源文件</Filter>
    </Image>
    <Image Include="..\res\red\r5.bmp">
      <Filter>资源文件</Filter>
    </Image>
    <Image Include="..\res\red\r6.bmp">
      <Filter>资源文件</Filter>
    </Image>
    <Image Include="..\res\blue\b1.bmp">
      <Filter>资源文件</Filter>
    </Image>
    <Image Include="..\res\blue\b2.bmp">
      <Filter>资源文件</Filter>
    </Image>
    <Image Include="..\res\blue\b3.bmp">
      <Filter>资源文件</Filter>
    </Image>
    <Image Include="..\res\blue\b4.bmp">
      <Filter>资源文件</Filter>
    </Image>
    <Image Include="..\res\blue\b5.bmp">
      <Filter>资源文件</Filter>
    </Image>
    <Image Include="..\res\blue\b6.bmp">
      <Filter>资源文件</Filter>
    </Image>
    <Image Include="..\res\QiPan.bmp">
      <Filter>资源文件</Filter>
    </Image>
    <Image Include="..\res\bound .bmp">
      <Filter>资源文件</Filter>
    </Image>
    <Image Include="..\res\1.bmp">
      <Filter>资源文件</Filter>
    </Image>
    <Image Include="..\res\2.bmp">
      <Filter>资源文件</Filter>
    </Image>
    <Image Include="..\res\3.bmp">
      <Filter>资源文件</Filter>
    </Image>
    <Image Include="..\res\4.bmp">
      <Filter>资源文件</Filter>
    </Image>
    <Image Include="..\res\5.bmp">
      <Filter>资源文件</Filter>
    </Image>
    <Image Include="..\res\6.bmp">
      <Filter>资源文件</Filter>
    </Image>
    <Image Include="..\res\back.bmp">
      <Filter>资源文件</Filter>
    </Image>
    <Image Include="..\res\cmp.bmp">
      <Filter>资源文件</Filter>
    </Image>
    <Image Include="..\res\men.bmp">
      <Filter>资源文件</Filter>
    </Image>
    <Image Include="..\res\icon.ico">
      <Filter>资源文件</Filter>
    </Image>
  </ItemGroup>
</Project>